# This file was autogenerated by uv via the following command:
#    uv pip compile --offline --all-extras --universal --no-emit-package investment-studio-identity --no-emit-package investment-studio-runtime packages/runtime/pyproject.toml packages/identity/pyproject.toml shared-data/instruments/python/pyproject.toml shared-data/market/pyproject.toml home/backend/pyproject.toml shared-data/pyproject.toml apps/portfolio/backend/pyproject.toml apps/watchlist/backend/pyproject.toml apps/briefing/backend/pyproject.toml --constraint requirements/python.lock --output-file requirements/python.lock
alembic==1.19.1
    # via
    #   -c requirements/python.lock
    #   investment-studio-briefing-backend (apps/briefing/backend/pyproject.toml)
    #   investment-studio-portfolio-backend (apps/portfolio/backend/pyproject.toml)
    #   investment-studio-watchlist-backend (apps/watchlist/backend/pyproject.toml)
    #   investment-studio-home (home/backend/pyproject.toml)
    #   investment-studio-market (shared-data/market/pyproject.toml)
    #   investment-studio-data (shared-data/pyproject.toml)
annotated-doc==0.0.5
    # via
    #   -c requirements/python.lock
    #   fastapi
annotated-types==0.8.0
    # via
    #   -c requirements/python.lock
    #   pydantic
anyio==4.14.2
    # via
    #   -c requirements/python.lock
    #   httpx2
    #   mcp
    #   sse-starlette
    #   starlette
    #   watchfiles
attrs==26.1.0
    # via
    #   -c requirements/python.lock
    #   jsonschema
    #   referencing
certifi==2026.7.22
    # via
    #   -c requirements/python.lock
    #   curl-cffi
    #   requests
cffi==2.1.1
    # via
    #   -c requirements/python.lock
    #   cryptography
    #   curl-cffi
charset-normalizer==3.5.1
    # via
    #   -c requirements/python.lock
    #   requests
click==8.4.2
    # via
    #   -c requirements/python.lock
    #   uvicorn
colorama==0.4.6 ; sys_platform == 'win32'
    # via
    #   -c requirements/python.lock
    #   click
    #   pytest
cryptography==50.0.0
    # via
    #   -c requirements/python.lock
    #   pyjwt
curl-cffi==0.16.3
    # via
    #   -c requirements/python.lock
    #   investment-studio-market (shared-data/market/pyproject.toml)
duckdb==1.5.5
    # via
    #   -c requirements/python.lock
    #   investment-studio-market (shared-data/market/pyproject.toml)
et-xmlfile==2.0.0
    # via
    #   -c requirements/python.lock
    #   openpyxl
exchange-calendars==4.13.2
    # via
    #   -c requirements/python.lock
    #   investment-studio-portfolio-backend (apps/portfolio/backend/pyproject.toml)
    #   investment-studio-watchlist-backend (apps/watchlist/backend/pyproject.toml)
    #   investment-studio-data (shared-data/pyproject.toml)
fastapi==0.141.1
    # via
    #   -c requirements/python.lock
    #   investment-studio-briefing-backend (apps/briefing/backend/pyproject.toml)
    #   investment-studio-portfolio-backend (apps/portfolio/backend/pyproject.toml)
    #   investment-studio-watchlist-backend (apps/watchlist/backend/pyproject.toml)
    #   investment-studio-home (home/backend/pyproject.toml)
greenlet==3.5.5 ; platform_machine == 'AMD64' or platform_machine == 'WIN32' or platform_machine == 'aarch64' or platform_machine == 'amd64' or platform_machine == 'ppc64le' or platform_machine == 'win32' or platform_machine == 'x86_64'
    # via
    #   -c requirements/python.lock
    #   sqlalchemy
h11==0.16.0
    # via
    #   -c requirements/python.lock
    #   httpcore2
    #   uvicorn
httpcore2==2.12.0 ; sys_platform != 'emscripten'
    # via
    #   -c requirements/python.lock
    #   httpx2
httptools==0.8.0
    # via
    #   -c requirements/python.lock
    #   uvicorn
httpx2==2.12.0
    # via
    #   -c requirements/python.lock
    #   investment-studio-briefing-backend (apps/briefing/backend/pyproject.toml)
    #   investment-studio-portfolio-backend (apps/portfolio/backend/pyproject.toml)
    #   investment-studio-watchlist-backend (apps/watchlist/backend/pyproject.toml)
    #   investment-studio-home (home/backend/pyproject.toml)
    #   investment-studio-data (shared-data/pyproject.toml)
    #   mcp
httpx2-jsfetch==1.0 ; sys_platform == 'emscripten'
    # via
    #   -c requirements/python.lock
    #   httpx2
idna==3.19
    # via
    #   -c requirements/python.lock
    #   anyio
    #   httpx2
    #   requests
iniconfig==2.3.0
    # via
    #   -c requirements/python.lock
    #   pytest
jsonschema==4.26.0
    # via
    #   -c requirements/python.lock
    #   mcp
jsonschema-specifications==2025.9.1
    # via
    #   -c requirements/python.lock
    #   jsonschema
korean-lunar-calendar==0.4.0
    # via
    #   -c requirements/python.lock
    #   exchange-calendars
mako==1.4.1
    # via
    #   -c requirements/python.lock
    #   alembic
markupsafe==3.0.3
    # via
    #   -c requirements/python.lock
    #   mako
mcp==2.0.0
    # via
    #   -c requirements/python.lock
    #   investment-studio-briefing-backend (apps/briefing/backend/pyproject.toml)
    #   investment-studio-portfolio-backend (apps/portfolio/backend/pyproject.toml)
    #   investment-studio-watchlist-backend (apps/watchlist/backend/pyproject.toml)
mcp-types==2.0.0
    # via
    #   -c requirements/python.lock
    #   mcp
numpy==2.5.2
    # via
    #   -c requirements/python.lock
    #   investment-studio-portfolio-backend (apps/portfolio/backend/pyproject.toml)
    #   exchange-calendars
    #   pandas
    #   scipy
openpyxl==3.1.5
    # via
    #   -c requirements/python.lock
    #   investment-studio-portfolio-backend (apps/portfolio/backend/pyproject.toml)
    #   investment-studio-watchlist-backend (apps/watchlist/backend/pyproject.toml)
    #   investment-studio-data (shared-data/pyproject.toml)
opentelemetry-api==1.44.0
    # via
    #   -c requirements/python.lock
    #   mcp
packaging==26.3
    # via
    #   -c requirements/python.lock
    #   pytest
pandas==2.3.3
    # via
    #   -c requirements/python.lock
    #   investment-studio-portfolio-backend (apps/portfolio/backend/pyproject.toml)
    #   exchange-calendars
pluggy==1.6.0
    # via
    #   -c requirements/python.lock
    #   pytest
psycopg==3.3.4
    # via
    #   -c requirements/python.lock
    #   investment-studio-briefing-backend (apps/briefing/backend/pyproject.toml)
    #   investment-studio-portfolio-backend (apps/portfolio/backend/pyproject.toml)
    #   investment-studio-watchlist-backend (apps/watchlist/backend/pyproject.toml)
    #   investment-studio-home (home/backend/pyproject.toml)
    #   investment-studio-market (shared-data/market/pyproject.toml)
    #   investment-studio-data (shared-data/pyproject.toml)
psycopg-binary==3.3.4 ; implementation_name != 'pypy'
    # via
    #   -c requirements/python.lock
    #   psycopg
pyarrow==25.0.1
    # via
    #   -c requirements/python.lock
    #   investment-studio-market (shared-data/market/pyproject.toml)
pycparser==3.0 ; implementation_name != 'PyPy'
    # via
    #   -c requirements/python.lock
    #   cffi
pydantic==2.13.4
    # via
    #   -c requirements/python.lock
    #   investment-studio-instrument-core (shared-data/instruments/python/pyproject.toml)
    #   fastapi
    #   mcp
    #   mcp-types
    #   pydantic-settings
pydantic-core==2.46.4
    # via
    #   -c requirements/python.lock
    #   pydantic
pydantic-settings==2.15.0
    # via
    #   -c requirements/python.lock
    #   investment-studio-briefing-backend (apps/briefing/backend/pyproject.toml)
    #   investment-studio-portfolio-backend (apps/portfolio/backend/pyproject.toml)
    #   investment-studio-watchlist-backend (apps/watchlist/backend/pyproject.toml)
    #   investment-studio-home (home/backend/pyproject.toml)
    #   investment-studio-data (shared-data/pyproject.toml)
pygments==2.21.0
    # via
    #   -c requirements/python.lock
    #   pytest
pyjwt==2.13.0
    # via
    #   -c requirements/python.lock
    #   mcp
pyluach==2.3.0
    # via
    #   -c requirements/python.lock
    #   exchange-calendars
pypdf==6.17.0
    # via
    #   -c requirements/python.lock
    #   investment-studio-watchlist-backend (apps/watchlist/backend/pyproject.toml)
pytest==9.1.1
    # via
    #   -c requirements/python.lock
    #   investment-studio-briefing-backend (apps/briefing/backend/pyproject.toml)
    #   investment-studio-portfolio-backend (apps/portfolio/backend/pyproject.toml)
    #   investment-studio-watchlist-backend (apps/watchlist/backend/pyproject.toml)
    #   investment-studio-home (home/backend/pyproject.toml)
    #   investment-studio-data (shared-data/pyproject.toml)
python-dateutil==2.9.0.post0
    # via
    #   -c requirements/python.lock
    #   pandas
python-dotenv==1.2.3
    # via
    #   -c requirements/python.lock
    #   pydantic-settings
    #   uvicorn
python-multipart==0.0.32
    # via
    #   -c requirements/python.lock
    #   investment-studio-portfolio-backend (apps/portfolio/backend/pyproject.toml)
    #   investment-studio-watchlist-backend (apps/watchlist/backend/pyproject.toml)
    #   mcp
pytz==2026.3.post1
    # via
    #   -c requirements/python.lock
    #   investment-studio-market (shared-data/market/pyproject.toml)
    #   pandas
pywin32==312 ; sys_platform == 'win32'
    # via
    #   -c requirements/python.lock
    #   mcp
pyyaml==6.0.3
    # via
    #   -c requirements/python.lock
    #   uvicorn
referencing==0.37.0
    # via
    #   -c requirements/python.lock
    #   jsonschema
    #   jsonschema-specifications
requests==2.34.2
    # via
    #   -c requirements/python.lock
    #   investment-studio-data (shared-data/pyproject.toml)
rpds-py==2026.6.3
    # via
    #   -c requirements/python.lock
    #   jsonschema
    #   referencing
scipy==1.18.1
    # via
    #   -c requirements/python.lock
    #   investment-studio-portfolio-backend (apps/portfolio/backend/pyproject.toml)
six==1.17.0
    # via
    #   -c requirements/python.lock
    #   python-dateutil
sqlalchemy==2.0.52
    # via
    #   -c requirements/python.lock
    #   investment-studio-briefing-backend (apps/briefing/backend/pyproject.toml)
    #   investment-studio-portfolio-backend (apps/portfolio/backend/pyproject.toml)
    #   investment-studio-watchlist-backend (apps/watchlist/backend/pyproject.toml)
    #   investment-studio-home (home/backend/pyproject.toml)
    #   investment-studio-runtime (packages/runtime/pyproject.toml)
    #   investment-studio-instrument-core (shared-data/instruments/python/pyproject.toml)
    #   investment-studio-market (shared-data/market/pyproject.toml)
    #   investment-studio-data (shared-data/pyproject.toml)
    #   alembic
    #   investment-studio-runtime
sse-starlette==3.4.8
    # via
    #   -c requirements/python.lock
    #   mcp
starlette==1.6.0
    # via
    #   -c requirements/python.lock
    #   investment-studio-runtime (packages/runtime/pyproject.toml)
    #   fastapi
    #   investment-studio-runtime
    #   mcp
    #   sse-starlette
toolz==1.1.0
    # via
    #   -c requirements/python.lock
    #   exchange-calendars
truststore==0.10.4 ; sys_platform != 'emscripten'
    # via
    #   -c requirements/python.lock
    #   httpcore2
    #   httpx2
typing-extensions==4.16.0
    # via
    #   -c requirements/python.lock
    #   alembic
    #   anyio
    #   fastapi
    #   httpx2
    #   mcp
    #   mcp-types
    #   opentelemetry-api
    #   psycopg
    #   pydantic
    #   pydantic-core
    #   referencing
    #   sqlalchemy
    #   starlette
    #   typing-inspection
typing-inspection==0.4.4
    # via
    #   -c requirements/python.lock
    #   fastapi
    #   mcp
    #   pydantic
    #   pydantic-settings
tzdata==2026.3
    # via
    #   -c requirements/python.lock
    #   exchange-calendars
    #   pandas
    #   psycopg
urllib3==2.7.0
    # via
    #   -c requirements/python.lock
    #   investment-studio-identity (packages/identity/pyproject.toml)
    #   investment-studio-identity
    #   requests
uvicorn==0.52.4
    # via
    #   -c requirements/python.lock
    #   investment-studio-briefing-backend (apps/briefing/backend/pyproject.toml)
    #   investment-studio-portfolio-backend (apps/portfolio/backend/pyproject.toml)
    #   investment-studio-watchlist-backend (apps/watchlist/backend/pyproject.toml)
    #   investment-studio-home (home/backend/pyproject.toml)
    #   mcp
uvloop==0.22.1 ; platform_python_implementation != 'PyPy' and sys_platform != 'cygwin' and sys_platform != 'win32'
    # via
    #   -c requirements/python.lock
    #   uvicorn
watchfiles==1.2.0
    # via
    #   -c requirements/python.lock
    #   uvicorn
websockets==17.0.1
    # via
    #   -c requirements/python.lock
    #   uvicorn
xlrd==2.0.2
    # via
    #   -c requirements/python.lock
    #   investment-studio-data (shared-data/pyproject.toml)

# The following packages were excluded from the output:
# investment-studio-identity
# investment-studio-runtime
