# This file was autogenerated by uv via the following command:
#    uv pip compile --all-extras --universal packages/instrument-core/python/pyproject.toml apps/platform/backend/pyproject.toml apps/portfolio/backend/pyproject.toml apps/watchlist/backend/pyproject.toml -o requirements/python.lock
alembic==1.19.1
    # via
    #   portfolio-ops-platform-backend (apps/platform/backend/pyproject.toml)
    #   portfolio-ops-portfolio-backend (apps/portfolio/backend/pyproject.toml)
    #   portfolio-ops-watchlist-backend (apps/watchlist/backend/pyproject.toml)
annotated-doc==0.0.5
    # via fastapi
annotated-types==0.8.0
    # via pydantic
anyio==4.14.2
    # via
    #   httpx2
    #   mcp
    #   sse-starlette
    #   starlette
    #   watchfiles
attrs==26.1.0
    # via
    #   jsonschema
    #   referencing
certifi==2026.7.22
    # via requests
cffi==2.1.1 ; platform_python_implementation != 'PyPy'
    # via cryptography
charset-normalizer==3.5.1
    # via requests
click==8.4.2
    # via uvicorn
colorama==0.4.6 ; sys_platform == 'win32'
    # via
    #   click
    #   pytest
cryptography==50.0.0
    # via pyjwt
et-xmlfile==2.0.0
    # via openpyxl
exchange-calendars==4.13.2
    # via
    #   portfolio-ops-platform-backend (apps/platform/backend/pyproject.toml)
    #   portfolio-ops-portfolio-backend (apps/portfolio/backend/pyproject.toml)
    #   portfolio-ops-watchlist-backend (apps/watchlist/backend/pyproject.toml)
fastapi==0.141.1
    # via
    #   portfolio-ops-platform-backend (apps/platform/backend/pyproject.toml)
    #   portfolio-ops-portfolio-backend (apps/portfolio/backend/pyproject.toml)
    #   portfolio-ops-watchlist-backend (apps/watchlist/backend/pyproject.toml)
greenlet==3.5.5 ; platform_machine == 'AMD64' or platform_machine == 'WIN32' or platform_machine == 'aarch64' or platform_machine == 'amd64' or platform_machine == 'ppc64le' or platform_machine == 'win32' or platform_machine == 'x86_64'
    # via sqlalchemy
h11==0.16.0
    # via
    #   httpcore2
    #   uvicorn
httpcore2==2.12.0 ; sys_platform != 'emscripten'
    # via httpx2
httptools==0.8.0
    # via uvicorn
httpx2==2.12.0
    # via
    #   portfolio-ops-platform-backend (apps/platform/backend/pyproject.toml)
    #   portfolio-ops-portfolio-backend (apps/portfolio/backend/pyproject.toml)
    #   portfolio-ops-watchlist-backend (apps/watchlist/backend/pyproject.toml)
    #   mcp
httpx2-jsfetch==1.0 ; sys_platform == 'emscripten'
    # via httpx2
idna==3.19
    # via
    #   anyio
    #   httpx2
    #   requests
iniconfig==2.3.0
    # via pytest
jsonschema==4.26.0
    # via mcp
jsonschema-specifications==2025.9.1
    # via jsonschema
korean-lunar-calendar==0.4.0
    # via exchange-calendars
mako==1.4.1
    # via alembic
markupsafe==3.0.3
    # via mako
mcp==2.0.0
    # via portfolio-ops-portfolio-backend (apps/portfolio/backend/pyproject.toml)
mcp-types==2.0.0
    # via mcp
numpy==2.5.2
    # via
    #   portfolio-ops-portfolio-backend (apps/portfolio/backend/pyproject.toml)
    #   exchange-calendars
    #   pandas
    #   scipy
openpyxl==3.1.5
    # via
    #   portfolio-ops-platform-backend (apps/platform/backend/pyproject.toml)
    #   portfolio-ops-portfolio-backend (apps/portfolio/backend/pyproject.toml)
    #   portfolio-ops-watchlist-backend (apps/watchlist/backend/pyproject.toml)
opentelemetry-api==1.44.0
    # via mcp
packaging==26.3
    # via pytest
pandas==2.3.3
    # via
    #   portfolio-ops-portfolio-backend (apps/portfolio/backend/pyproject.toml)
    #   exchange-calendars
pluggy==1.6.0
    # via pytest
psycopg==3.3.4
    # via
    #   portfolio-ops-platform-backend (apps/platform/backend/pyproject.toml)
    #   portfolio-ops-portfolio-backend (apps/portfolio/backend/pyproject.toml)
    #   portfolio-ops-watchlist-backend (apps/watchlist/backend/pyproject.toml)
psycopg-binary==3.3.4 ; implementation_name != 'pypy'
    # via psycopg
pycparser==3.0 ; implementation_name != 'PyPy' and platform_python_implementation != 'PyPy'
    # via cffi
pydantic==2.13.4
    # via
    #   portfolio-ops-instrument-core (packages/instrument-core/python/pyproject.toml)
    #   fastapi
    #   mcp
    #   mcp-types
    #   pydantic-settings
pydantic-core==2.46.4
    # via pydantic
pydantic-settings==2.15.0
    # via
    #   portfolio-ops-platform-backend (apps/platform/backend/pyproject.toml)
    #   portfolio-ops-portfolio-backend (apps/portfolio/backend/pyproject.toml)
    #   portfolio-ops-watchlist-backend (apps/watchlist/backend/pyproject.toml)
pygments==2.21.0
    # via pytest
pyjwt==2.13.0
    # via mcp
pyluach==2.3.0
    # via exchange-calendars
pytest==9.1.1
    # via
    #   portfolio-ops-platform-backend (apps/platform/backend/pyproject.toml)
    #   portfolio-ops-portfolio-backend (apps/portfolio/backend/pyproject.toml)
    #   portfolio-ops-watchlist-backend (apps/watchlist/backend/pyproject.toml)
python-dateutil==2.9.0.post0
    # via pandas
python-dotenv==1.2.3
    # via
    #   pydantic-settings
    #   uvicorn
python-multipart==0.0.32
    # via
    #   portfolio-ops-portfolio-backend (apps/portfolio/backend/pyproject.toml)
    #   portfolio-ops-watchlist-backend (apps/watchlist/backend/pyproject.toml)
    #   mcp
pytz==2026.3.post1
    # via pandas
pywin32==312 ; sys_platform == 'win32'
    # via mcp
pyyaml==6.0.3
    # via uvicorn
referencing==0.37.0
    # via
    #   jsonschema
    #   jsonschema-specifications
requests==2.34.2
    # via portfolio-ops-platform-backend (apps/platform/backend/pyproject.toml)
rpds-py==2026.6.3
    # via
    #   jsonschema
    #   referencing
scipy==1.18.1
    # via portfolio-ops-portfolio-backend (apps/portfolio/backend/pyproject.toml)
six==1.17.0
    # via python-dateutil
sqlalchemy==2.0.52
    # via
    #   portfolio-ops-platform-backend (apps/platform/backend/pyproject.toml)
    #   portfolio-ops-portfolio-backend (apps/portfolio/backend/pyproject.toml)
    #   portfolio-ops-watchlist-backend (apps/watchlist/backend/pyproject.toml)
    #   portfolio-ops-instrument-core (packages/instrument-core/python/pyproject.toml)
    #   alembic
sse-starlette==3.4.8
    # via mcp
starlette==1.6.0
    # via
    #   fastapi
    #   mcp
    #   sse-starlette
toolz==1.1.0
    # via exchange-calendars
truststore==0.10.4 ; sys_platform != 'emscripten'
    # via
    #   httpcore2
    #   httpx2
typing-extensions==4.16.0
    # via
    #   alembic
    #   anyio
    #   fastapi
    #   httpx2
    #   mcp
    #   mcp-types
    #   opentelemetry-api
    #   psycopg
    #   pydantic
    #   pydantic-core
    #   referencing
    #   sqlalchemy
    #   starlette
    #   typing-inspection
typing-inspection==0.4.4
    # via
    #   fastapi
    #   mcp
    #   pydantic
    #   pydantic-settings
tzdata==2026.3
    # via
    #   exchange-calendars
    #   pandas
    #   psycopg
urllib3==2.7.0
    # via requests
uvicorn==0.52.4
    # via
    #   portfolio-ops-platform-backend (apps/platform/backend/pyproject.toml)
    #   portfolio-ops-portfolio-backend (apps/portfolio/backend/pyproject.toml)
    #   portfolio-ops-watchlist-backend (apps/watchlist/backend/pyproject.toml)
    #   mcp
uvloop==0.22.1 ; platform_python_implementation != 'PyPy' and sys_platform != 'cygwin' and sys_platform != 'win32'
    # via uvicorn
watchfiles==1.2.0
    # via uvicorn
websockets==17.0.1
    # via uvicorn
xlrd==2.0.2
    # via portfolio-ops-platform-backend (apps/platform/backend/pyproject.toml)
