# This file was autogenerated by uv via the following command:
#    uv pip compile --all-extras --universal packages/instrument-core/python/pyproject.toml apps/platform/backend/pyproject.toml apps/portfolio/backend/pyproject.toml apps/watchlist/backend/pyproject.toml -o requirements/python.lock
alembic==1.18.5
    # via
    #   portfolio-ops-platform-backend (apps/platform/backend/pyproject.toml)
    #   portfolio-ops-portfolio-backend (apps/portfolio/backend/pyproject.toml)
    #   portfolio-ops-watchlist-backend (apps/watchlist/backend/pyproject.toml)
annotated-doc==0.0.4
    # via fastapi
annotated-types==0.7.0
    # via pydantic
anyio==4.14.1
    # via
    #   httpx2
    #   starlette
    #   watchfiles
beautifulsoup4==4.15.0
    # via bs4
bs4==0.0.2
    # via tushare
certifi==2026.6.17
    # via requests
charset-normalizer==3.4.9
    # via requests
click==8.4.2
    # via uvicorn
colorama==0.4.6 ; sys_platform == 'win32'
    # via
    #   click
    #   pytest
    #   tqdm
et-xmlfile==2.0.0
    # via openpyxl
exchange-calendars==4.13.2
    # via
    #   portfolio-ops-platform-backend (apps/platform/backend/pyproject.toml)
    #   portfolio-ops-portfolio-backend (apps/portfolio/backend/pyproject.toml)
    #   portfolio-ops-watchlist-backend (apps/watchlist/backend/pyproject.toml)
fastapi==0.139.0
    # via
    #   portfolio-ops-platform-backend (apps/platform/backend/pyproject.toml)
    #   portfolio-ops-portfolio-backend (apps/portfolio/backend/pyproject.toml)
    #   portfolio-ops-watchlist-backend (apps/watchlist/backend/pyproject.toml)
greenlet==3.5.3 ; platform_machine == 'AMD64' or platform_machine == 'WIN32' or platform_machine == 'aarch64' or platform_machine == 'amd64' or platform_machine == 'ppc64le' or platform_machine == 'win32' or platform_machine == 'x86_64'
    # via sqlalchemy
h11==0.16.0
    # via
    #   httpcore2
    #   uvicorn
httpcore2==2.5.0
    # via httpx2
httptools==0.8.0
    # via uvicorn
httpx2==2.5.0
    # via
    #   portfolio-ops-platform-backend (apps/platform/backend/pyproject.toml)
    #   portfolio-ops-portfolio-backend (apps/portfolio/backend/pyproject.toml)
    #   portfolio-ops-watchlist-backend (apps/watchlist/backend/pyproject.toml)
idna==3.18
    # via
    #   anyio
    #   httpx2
    #   requests
iniconfig==2.3.0
    # via pytest
korean-lunar-calendar==0.4.0
    # via exchange-calendars
lxml==6.1.1
    # via tushare
mako==1.3.12
    # via alembic
markupsafe==3.0.3
    # via mako
numpy==2.5.1
    # via
    #   portfolio-ops-portfolio-backend (apps/portfolio/backend/pyproject.toml)
    #   exchange-calendars
    #   pandas
    #   scipy
openpyxl==3.1.5
    # via portfolio-ops-platform-backend (apps/platform/backend/pyproject.toml)
packaging==26.2
    # via pytest
pandas==2.3.3
    # via
    #   portfolio-ops-portfolio-backend (apps/portfolio/backend/pyproject.toml)
    #   exchange-calendars
    #   tushare
pluggy==1.6.0
    # via pytest
psycopg==3.3.4
    # via
    #   portfolio-ops-platform-backend (apps/platform/backend/pyproject.toml)
    #   portfolio-ops-portfolio-backend (apps/portfolio/backend/pyproject.toml)
    #   portfolio-ops-watchlist-backend (apps/watchlist/backend/pyproject.toml)
psycopg-binary==3.3.4 ; implementation_name != 'pypy'
    # via psycopg
pydantic==2.13.4
    # via
    #   portfolio-ops-instrument-core (packages/instrument-core/python/pyproject.toml)
    #   fastapi
    #   pydantic-settings
pydantic-core==2.46.4
    # via pydantic
pydantic-settings==2.14.2
    # via
    #   portfolio-ops-platform-backend (apps/platform/backend/pyproject.toml)
    #   portfolio-ops-portfolio-backend (apps/portfolio/backend/pyproject.toml)
    #   portfolio-ops-watchlist-backend (apps/watchlist/backend/pyproject.toml)
pygments==2.20.0
    # via pytest
pyluach==2.3.0
    # via exchange-calendars
pytest==9.1.1
    # via
    #   portfolio-ops-platform-backend (apps/platform/backend/pyproject.toml)
    #   portfolio-ops-portfolio-backend (apps/portfolio/backend/pyproject.toml)
    #   portfolio-ops-watchlist-backend (apps/watchlist/backend/pyproject.toml)
python-dateutil==2.9.0.post0
    # via pandas
python-dotenv==1.2.2
    # via
    #   pydantic-settings
    #   uvicorn
python-multipart==0.0.32
    # via portfolio-ops-watchlist-backend (apps/watchlist/backend/pyproject.toml)
pytz==2026.2
    # via pandas
pyyaml==6.0.3
    # via uvicorn
requests==2.34.2
    # via tushare
scipy==1.18.0
    # via portfolio-ops-portfolio-backend (apps/portfolio/backend/pyproject.toml)
simplejson==4.1.1
    # via tushare
six==1.17.0
    # via python-dateutil
soupsieve==2.8.4
    # via beautifulsoup4
sqlalchemy==2.0.51
    # via
    #   portfolio-ops-platform-backend (apps/platform/backend/pyproject.toml)
    #   portfolio-ops-portfolio-backend (apps/portfolio/backend/pyproject.toml)
    #   portfolio-ops-watchlist-backend (apps/watchlist/backend/pyproject.toml)
    #   portfolio-ops-instrument-core (packages/instrument-core/python/pyproject.toml)
    #   alembic
starlette==1.3.1
    # via fastapi
toolz==1.1.0
    # via exchange-calendars
tqdm==4.68.4
    # via tushare
truststore==0.10.4
    # via
    #   httpcore2
    #   httpx2
tushare==1.4.29
    # via portfolio-ops-platform-backend (apps/platform/backend/pyproject.toml)
typing-extensions==4.16.0
    # via
    #   alembic
    #   anyio
    #   beautifulsoup4
    #   fastapi
    #   httpx2
    #   psycopg
    #   pydantic
    #   pydantic-core
    #   sqlalchemy
    #   starlette
    #   typing-inspection
typing-inspection==0.4.2
    # via
    #   fastapi
    #   pydantic
    #   pydantic-settings
tzdata==2026.3
    # via
    #   exchange-calendars
    #   pandas
    #   psycopg
urllib3==2.7.0
    # via requests
uvicorn==0.51.0
    # via
    #   portfolio-ops-platform-backend (apps/platform/backend/pyproject.toml)
    #   portfolio-ops-portfolio-backend (apps/portfolio/backend/pyproject.toml)
    #   portfolio-ops-watchlist-backend (apps/watchlist/backend/pyproject.toml)
uvloop==0.22.1 ; platform_python_implementation != 'PyPy' and sys_platform != 'cygwin' and sys_platform != 'win32'
    # via uvicorn
watchfiles==1.2.0
    # via uvicorn
websocket-client==1.9.0
    # via tushare
websockets==16.1
    # via uvicorn
xlrd==2.0.2
    # via portfolio-ops-platform-backend (apps/platform/backend/pyproject.toml)
